
Microsoft Visual Studio Solution File, Format Version 12.00
# Visual Studio 15
Project("{FAE04EC0-301F-11D3-BF4B-00C04F79EFBC}") = "VisualEvent", "VisualEvent.csproj", "{D811F234-EFAC-AF3E-AFC8-3A070769AED0}"
EndProject
Project("{FAE04EC0-301F-11D3-BF4B-00C04F79EFBC}") = "VisualDelegate", "VisualDelegate.csproj", "{BEB903ED-2FA9-A0C8-A91E-09ADEB1ED885}"
EndProject
Project("{FAE04EC0-301F-11D3-BF4B-00C04F79EFBC}") = "Assembly-CSharp", "Assembly-CSharp.csproj", "{F72C28A0-F24F-6F23-7DE0-4BE070C015FC}"
EndProject
Project("{FAE04EC0-301F-11D3-BF4B-00C04F79EFBC}") = "VisualCinemaEditor", "VisualCinemaEditor.csproj", "{611FD1CD-8CBC-F990-DA05-9E02FFEABC2F}"
EndProject
Project("{FAE04EC0-301F-11D3-BF4B-00C04F79EFBC}") = "VisualCinema", "VisualCinema.csproj", "{5D5016D2-A817-71F6-FE42-95B0FA11203C}"
EndProject
Project("{FAE04EC0-301F-11D3-BF4B-00C04F79EFBC}") = "VisualDelegateEditor", "VisualDelegateEditor.csproj", "{71BB7A50-5227-8343-53E4-F874424580EC}"
EndProject
Project("{FAE04EC0-301F-11D3-BF4B-00C04F79EFBC}") = "Assembly-CSharp-Editor-firstpass", "Assembly-CSharp-Editor-firstpass.csproj", "{2C160ACC-0D6D-840F-A916-BAAD7125C36D}"
EndProject
Project("{FAE04EC0-301F-11D3-BF4B-00C04F79EFBC}") = "Assembly-CSharp-Editor", "Assembly-CSharp-Editor.csproj", "{091F98E8-632C-CD1A-2715-40D154C563E8}"
EndProject
Project("{FAE04EC0-301F-11D3-BF4B-00C04F79EFBC}") = "VisualEventEditor", "VisualEventEditor.csproj", "{77733AC6-5A37-D759-9231-4B6753DC7F54}"
EndProject
Global
	GlobalSection(SolutionConfigurationPlatforms) = preSolution
		Debug|Any CPU = Debug|Any CPU
		Release|Any CPU = Release|Any CPU
	EndGlobalSection
	GlobalSection(ProjectConfigurationPlatforms) = postSolution
		{D811F234-EFAC-AF3E-AFC8-3A070769AED0}.Debug|Any CPU.ActiveCfg = Debug|Any CPU
		{D811F234-EFAC-AF3E-AFC8-3A070769AED0}.Debug|Any CPU.Build.0 = Debug|Any CPU
		{D811F234-EFAC-AF3E-AFC8-3A070769AED0}.Release|Any CPU.ActiveCfg = Release|Any CPU
		{D811F234-EFAC-AF3E-AFC8-3A070769AED0}.Release|Any CPU.Build.0 = Release|Any CPU
		{BEB903ED-2FA9-A0C8-A91E-09ADEB1ED885}.Debug|Any CPU.ActiveCfg = Debug|Any CPU
		{BEB903ED-2FA9-A0C8-A91E-09ADEB1ED885}.Debug|Any CPU.Build.0 = Debug|Any CPU
		{BEB903ED-2FA9-A0C8-A91E-09ADEB1ED885}.Release|Any CPU.ActiveCfg = Release|Any CPU
		{BEB903ED-2FA9-A0C8-A91E-09ADEB1ED885}.Release|Any CPU.Build.0 = Release|Any CPU
		{F72C28A0-F24F-6F23-7DE0-4BE070C015FC}.Debug|Any CPU.ActiveCfg = Debug|Any CPU
		{F72C28A0-F24F-6F23-7DE0-4BE070C015FC}.Debug|Any CPU.Build.0 = Debug|Any CPU
		{F72C28A0-F24F-6F23-7DE0-4BE070C015FC}.Release|Any CPU.ActiveCfg = Release|Any CPU
		{F72C28A0-F24F-6F23-7DE0-4BE070C015FC}.Release|Any CPU.Build.0 = Release|Any CPU
		{611FD1CD-8CBC-F990-DA05-9E02FFEABC2F}.Debug|Any CPU.ActiveCfg = Debug|Any CPU
		{611FD1CD-8CBC-F990-DA05-9E02FFEABC2F}.Debug|Any CPU.Build.0 = Debug|Any CPU
		{611FD1CD-8CBC-F990-DA05-9E02FFEABC2F}.Release|Any CPU.ActiveCfg = Release|Any CPU
		{611FD1CD-8CBC-F990-DA05-9E02FFEABC2F}.Release|Any CPU.Build.0 = Release|Any CPU
		{5D5016D2-A817-71F6-FE42-95B0FA11203C}.Debug|Any CPU.ActiveCfg = Debug|Any CPU
		{5D5016D2-A817-71F6-FE42-95B0FA11203C}.Debug|Any CPU.Build.0 = Debug|Any CPU
		{5D5016D2-A817-71F6-FE42-95B0FA11203C}.Release|Any CPU.ActiveCfg = Release|Any CPU
		{5D5016D2-A817-71F6-FE42-95B0FA11203C}.Release|Any CPU.Build.0 = Release|Any CPU
		{71BB7A50-5227-8343-53E4-F874424580EC}.Debug|Any CPU.ActiveCfg = Debug|Any CPU
		{71BB7A50-5227-8343-53E4-F874424580EC}.Debug|Any CPU.Build.0 = Debug|Any CPU
		{71BB7A50-5227-8343-53E4-F874424580EC}.Release|Any CPU.ActiveCfg = Release|Any CPU
		{71BB7A50-5227-8343-53E4-F874424580EC}.Release|Any CPU.Build.0 = Release|Any CPU
		{2C160ACC-0D6D-840F-A916-BAAD7125C36D}.Debug|Any CPU.ActiveCfg = Debug|Any CPU
		{2C160ACC-0D6D-840F-A916-BAAD7125C36D}.Debug|Any CPU.Build.0 = Debug|Any CPU
		{2C160ACC-0D6D-840F-A916-BAAD7125C36D}.Release|Any CPU.ActiveCfg = Release|Any CPU
		{2C160ACC-0D6D-840F-A916-BAAD7125C36D}.Release|Any CPU.Build.0 = Release|Any CPU
		{091F98E8-632C-CD1A-2715-40D154C563E8}.Debug|Any CPU.ActiveCfg = Debug|Any CPU
		{091F98E8-632C-CD1A-2715-40D154C563E8}.Debug|Any CPU.Build.0 = Debug|Any CPU
		{091F98E8-632C-CD1A-2715-40D154C563E8}.Release|Any CPU.ActiveCfg = Release|Any CPU
		{091F98E8-632C-CD1A-2715-40D154C563E8}.Release|Any CPU.Build.0 = Release|Any CPU
		{77733AC6-5A37-D759-9231-4B6753DC7F54}.Debug|Any CPU.ActiveCfg = Debug|Any CPU
		{77733AC6-5A37-D759-9231-4B6753DC7F54}.Debug|Any CPU.Build.0 = Debug|Any CPU
		{77733AC6-5A37-D759-9231-4B6753DC7F54}.Release|Any CPU.ActiveCfg = Release|Any CPU
		{77733AC6-5A37-D759-9231-4B6753DC7F54}.Release|Any CPU.Build.0 = Release|Any CPU
	EndGlobalSection
	GlobalSection(SolutionProperties) = preSolution
		HideSolutionNode = FALSE
	EndGlobalSection
EndGlobal
